
Microsoft Visual Studio Solution File, Format Version 12.00
# Visual Studio Version 16
VisualStudioVersion = 16.0.31105.61
MinimumVisualStudioVersion = 10.0.40219.1
Project("{9A19103F-16F7-4668-BE54-9A1E7A4F7556}") = "TabSync", "TabSync\TabSync.csproj", "{C5A12D11-A80B-47FB-8656-98057244CFCF}"
EndProject
Global
	GlobalSection(SolutionConfigurationPlatforms) = preSolution
		Debug|Any CPU = Debug|Any CPU
		Release|Any CPU = Release|Any CPU
	EndGlobalSection
	GlobalSection(ProjectConfigurationPlatforms) = postSolution
		{C5A12D11-A80B-47FB-8656-98057244CFCF}.Debug|Any CPU.ActiveCfg = Debug|Any CPU
		{C5A12D11-A80B-47FB-8656-98057244CFCF}.Debug|Any CPU.Build.0 = Debug|Any CPU
		{C5A12D11-A80B-47FB-8656-98057244CFCF}.Release|Any CPU.ActiveCfg = Release|Any CPU
		{C5A12D11-A80B-47FB-8656-98057244CFCF}.Release|Any CPU.Build.0 = Release|Any CPU
	EndGlobalSection
	GlobalSection(SolutionProperties) = preSolution
		HideSolutionNode = FALSE
	EndGlobalSection
	GlobalSection(ExtensibilityGlobals) = postSolution
		SolutionGuid = {3EF24E5A-1E1E-4D3D-9035-E618B26C7924}
	EndGlobalSection
EndGlobal
